
Microsoft Visual Studio Solution File, Format Version 12.00
# Visual Studio Version 17
VisualStudioVersion = 17.9.34607.119
MinimumVisualStudioVersion = 10.0.40219.1
Project("{FAE04EC0-301F-11D3-BF4B-00C04F79EFBC}") = "BackenCars", "BackenCars\BackenCars.csproj", "{EB92E830-B661-4F20-8E61-C00D9AA4E23B}"
EndProject
Project("{FAE04EC0-301F-11D3-BF4B-00C04F79EFBC}") = "DB", "DB\DB.csproj", "{83FD410F-C649-48F9-9512-E7332680B6BB}"
EndProject
Global
	GlobalSection(SolutionConfigurationPlatforms) = preSolution
		Debug|Any CPU = Debug|Any CPU
		Release|Any CPU = Release|Any CPU
	EndGlobalSection
	GlobalSection(ProjectConfigurationPlatforms) = postSolution
		{EB92E830-B661-4F20-8E61-C00D9AA4E23B}.Debug|Any CPU.ActiveCfg = Debug|Any CPU
		{EB92E830-B661-4F20-8E61-C00D9AA4E23B}.Debug|Any CPU.Build.0 = Debug|Any CPU
		{EB92E830-B661-4F20-8E61-C00D9AA4E23B}.Release|Any CPU.ActiveCfg = Release|Any CPU
		{EB92E830-B661-4F20-8E61-C00D9AA4E23B}.Release|Any CPU.Build.0 = Release|Any CPU
		{83FD410F-C649-48F9-9512-E7332680B6BB}.Debug|Any CPU.ActiveCfg = Debug|Any CPU
		{83FD410F-C649-48F9-9512-E7332680B6BB}.Debug|Any CPU.Build.0 = Debug|Any CPU
		{83FD410F-C649-48F9-9512-E7332680B6BB}.Release|Any CPU.ActiveCfg = Release|Any CPU
		{83FD410F-C649-48F9-9512-E7332680B6BB}.Release|Any CPU.Build.0 = Release|Any CPU
	EndGlobalSection
	GlobalSection(SolutionProperties) = preSolution
		HideSolutionNode = FALSE
	EndGlobalSection
	GlobalSection(ExtensibilityGlobals) = postSolution
		SolutionGuid = {E69277A2-F853-4DAE-8BBC-B147F83A250C}
	EndGlobalSection
EndGlobal
